PODS:
  - DynamicColor (4.0.3)
  - Instructions (1.2.2)
  - SCLAlertView (0.8)
  - SnapKit (4.2.0)
  - SwiftLint (0.27.0)
  - UITextView+Placeholder (1.2.1)

DEPENDENCIES:
  - DynamicColor (~> 4.0.3)
  - Instructions
  - SCLAlertView
  - SnapKit (~> 4.2.0)
  - SwiftLint
  - UITextView+Placeholder

SPEC CHECKSUMS:
  DynamicColor: bf19b33fe404c59a68e64af95cc6b017346e7e75
  Instructions: baff1b8ac41e195556c2b3453be1fcdd92e18612
  SCLAlertView: 6a77bb2edfc65e04dbe57725546cb4107a506b85
  SnapKit: fe8a619752f3f27075cc9a90244d75c6c3f27e2a
  SwiftLint: 3207c1faa2240bf8973b191820a116113cd11073
  UITextView+Placeholder: 0c3efd97f37ea64bde7f34cc6e90fe02e87b3909

PODFILE CHECKSUM: b27498be200085209c3744d3494b8e2f77fa74b2

COCOAPODS: 1.4.0
