PODS:
  - SnapKit (4.0.1)
  - SwiftLint (0.27.0)

DEPENDENCIES:
  - SnapKit (~> 4.0.0)
  - SwiftLint

SPEC CHECKSUMS:
  SnapKit: 0de968a9fec17499afa29683b05d0c775b6d1c29
  SwiftLint: 3207c1faa2240bf8973b191820a116113cd11073

PODFILE CHECKSUM: b91a15b7f1ab14586a8f44eca5637f1f7e984698

COCOAPODS: 1.4.0
